
Microsoft Visual Studio Solution File, Format Version 12.00
# Visual Studio Version 16
VisualStudioVersion = 16.0.29709.97
MinimumVisualStudioVersion = 10.0.40219.1
Project("{FAE04EC0-301F-11D3-BF4B-00C04F79EFBC}") = "Promact", "Promact.csproj", "{9EEA3929-7578-4084-953E-AF11E32C6563}"
EndProject
Global
	GlobalSection(SolutionConfigurationPlatforms) = preSolution
		Debug|Any CPU = Debug|Any CPU
		Release|Any CPU = Release|Any CPU
	EndGlobalSection
	GlobalSection(ProjectConfigurationPlatforms) = postSolution
		{9EEA3929-7578-4084-953E-AF11E32C6563}.Debug|Any CPU.ActiveCfg = Debug|Any CPU
		{9EEA3929-7578-4084-953E-AF11E32C6563}.Debug|Any CPU.Build.0 = Debug|Any CPU
		{9EEA3929-7578-4084-953E-AF11E32C6563}.Release|Any CPU.ActiveCfg = Release|Any CPU
		{9EEA3929-7578-4084-953E-AF11E32C6563}.Release|Any CPU.Build.0 = Release|Any CPU
	EndGlobalSection
	GlobalSection(SolutionProperties) = preSolution
		HideSolutionNode = FALSE
	EndGlobalSection
	GlobalSection(ExtensibilityGlobals) = postSolution
		SolutionGuid = {75ED6753-3F85-4B19-B732-08BA76484A4C}
	EndGlobalSection
EndGlobal
